
Microsoft Visual Studio Solution File, Format Version 12.00
# Visual Studio Version 17
VisualStudioVersion = 17.0.31912.275
MinimumVisualStudioVersion = 10.0.40219.1
Project("{9A19103F-16F7-4668-BE54-9A1E7A4F7556}") = "BrainSimulator", "BrainSimulator\BrainSimulator.csproj", "{C08F318A-B8E6-4187-9ED4-0A126B3B63A9}"
EndProject
Project("{2150E333-8FDC-42A3-9474-1A3956D46DE8}") = "Tools", "Tools", "{1C458A63-D394-4406-9465-01FA35263D9E}"
EndProject
Project("{9A19103F-16F7-4668-BE54-9A1E7A4F7556}") = "UKS", "UKS\UKS.csproj", "{7C22FBB6-FE12-43D3-9F6F-479E830C94F6}"
EndProject
Project("{888888A0-9F3D-457C-B088-3A5042F75D52}") = "PythonProj", "PythonProj\PythonProj.pyproj", "{CA6D501B-6295-42CF-A444-AAFE9525A0EC}"
EndProject
Project("{FAE04EC0-301F-11D3-BF4B-00C04F79EFBC}") = "BrainSimMAC", "BrainSimMAC\BrainSimMAC.csproj", "{56FEB147-FC89-4712-939B-A6C08D5B2126}"
EndProject
Global
	GlobalSection(SolutionConfigurationPlatforms) = preSolution
		Debug|Any CPU = Debug|Any CPU
		Debug|x64 = Debug|x64
		Debug|x86 = Debug|x86
		Release|Any CPU = Release|Any CPU
		Release|x64 = Release|x64
		Release|x86 = Release|x86
	EndGlobalSection
	GlobalSection(ProjectConfigurationPlatforms) = postSolution
		{C08F318A-B8E6-4187-9ED4-0A126B3B63A9}.Debug|Any CPU.ActiveCfg = Debug|Any CPU
		{C08F318A-B8E6-4187-9ED4-0A126B3B63A9}.Debug|Any CPU.Build.0 = Debug|Any CPU
		{C08F318A-B8E6-4187-9ED4-0A126B3B63A9}.Debug|x64.ActiveCfg = Debug|Any CPU
		{C08F318A-B8E6-4187-9ED4-0A126B3B63A9}.Debug|x64.Build.0 = Debug|Any CPU
		{C08F318A-B8E6-4187-9ED4-0A126B3B63A9}.Debug|x86.ActiveCfg = Debug|Any CPU
		{C08F318A-B8E6-4187-9ED4-0A126B3B63A9}.Debug|x86.Build.0 = Debug|Any CPU
		{C08F318A-B8E6-4187-9ED4-0A126B3B63A9}.Release|Any CPU.ActiveCfg = Release|Any CPU
		{C08F318A-B8E6-4187-9ED4-0A126B3B63A9}.Release|Any CPU.Build.0 = Release|Any CPU
		{C08F318A-B8E6-4187-9ED4-0A126B3B63A9}.Release|x64.ActiveCfg = Release|Any CPU
		{C08F318A-B8E6-4187-9ED4-0A126B3B63A9}.Release|x64.Build.0 = Release|Any CPU
		{C08F318A-B8E6-4187-9ED4-0A126B3B63A9}.Release|x86.ActiveCfg = Release|Any CPU
		{C08F318A-B8E6-4187-9ED4-0A126B3B63A9}.Release|x86.Build.0 = Release|Any CPU
		{7C22FBB6-FE12-43D3-9F6F-479E830C94F6}.Debug|Any CPU.ActiveCfg = Debug|Any CPU
		{7C22FBB6-FE12-43D3-9F6F-479E830C94F6}.Debug|Any CPU.Build.0 = Debug|Any CPU
		{7C22FBB6-FE12-43D3-9F6F-479E830C94F6}.Debug|x64.ActiveCfg = Debug|Any CPU
		{7C22FBB6-FE12-43D3-9F6F-479E830C94F6}.Debug|x64.Build.0 = Debug|Any CPU
		{7C22FBB6-FE12-43D3-9F6F-479E830C94F6}.Debug|x86.ActiveCfg = Debug|Any CPU
		{7C22FBB6-FE12-43D3-9F6F-479E830C94F6}.Debug|x86.Build.0 = Debug|Any CPU
		{7C22FBB6-FE12-43D3-9F6F-479E830C94F6}.Release|Any CPU.ActiveCfg = Release|Any CPU
		{7C22FBB6-FE12-43D3-9F6F-479E830C94F6}.Release|Any CPU.Build.0 = Release|Any CPU
		{7C22FBB6-FE12-43D3-9F6F-479E830C94F6}.Release|x64.ActiveCfg = Release|Any CPU
		{7C22FBB6-FE12-43D3-9F6F-479E830C94F6}.Release|x64.Build.0 = Release|Any CPU
		{7C22FBB6-FE12-43D3-9F6F-479E830C94F6}.Release|x86.ActiveCfg = Release|Any CPU
		{7C22FBB6-FE12-43D3-9F6F-479E830C94F6}.Release|x86.Build.0 = Release|Any CPU
		{CA6D501B-6295-42CF-A444-AAFE9525A0EC}.Debug|Any CPU.ActiveCfg = Debug|Any CPU
		{CA6D501B-6295-42CF-A444-AAFE9525A0EC}.Debug|x64.ActiveCfg = Debug|Any CPU
		{CA6D501B-6295-42CF-A444-AAFE9525A0EC}.Debug|x86.ActiveCfg = Debug|Any CPU
		{CA6D501B-6295-42CF-A444-AAFE9525A0EC}.Release|Any CPU.ActiveCfg = Release|Any CPU
		{CA6D501B-6295-42CF-A444-AAFE9525A0EC}.Release|x64.ActiveCfg = Release|Any CPU
		{CA6D501B-6295-42CF-A444-AAFE9525A0EC}.Release|x86.ActiveCfg = Release|Any CPU
		{56FEB147-FC89-4712-939B-A6C08D5B2126}.Debug|Any CPU.ActiveCfg = Debug|Any CPU
		{56FEB147-FC89-4712-939B-A6C08D5B2126}.Debug|Any CPU.Build.0 = Debug|Any CPU
		{56FEB147-FC89-4712-939B-A6C08D5B2126}.Debug|x64.ActiveCfg = Debug|Any CPU
		{56FEB147-FC89-4712-939B-A6C08D5B2126}.Debug|x64.Build.0 = Debug|Any CPU
		{56FEB147-FC89-4712-939B-A6C08D5B2126}.Debug|x86.ActiveCfg = Debug|Any CPU
		{56FEB147-FC89-4712-939B-A6C08D5B2126}.Debug|x86.Build.0 = Debug|Any CPU
		{56FEB147-FC89-4712-939B-A6C08D5B2126}.Release|Any CPU.ActiveCfg = Release|Any CPU
		{56FEB147-FC89-4712-939B-A6C08D5B2126}.Release|Any CPU.Build.0 = Release|Any CPU
		{56FEB147-FC89-4712-939B-A6C08D5B2126}.Release|x64.ActiveCfg = Release|Any CPU
		{56FEB147-FC89-4712-939B-A6C08D5B2126}.Release|x64.Build.0 = Release|Any CPU
		{56FEB147-FC89-4712-939B-A6C08D5B2126}.Release|x86.ActiveCfg = Release|Any CPU
		{56FEB147-FC89-4712-939B-A6C08D5B2126}.Release|x86.Build.0 = Release|Any CPU
	EndGlobalSection
	GlobalSection(SolutionProperties) = preSolution
		HideSolutionNode = FALSE
	EndGlobalSection
	GlobalSection(ExtensibilityGlobals) = postSolution
		SolutionGuid = {EEF78631-3989-4EA0-9833-239BCC7F58B6}
	EndGlobalSection
EndGlobal
