<?xml version="1.0" encoding="utf-8"?>
<Project ToolsVersion="4.0" xmlns="http://schemas.microsoft.com/developer/msbuild/2003">
  <ItemGroup>
    <Filter Include="Source Files">
      <UniqueIdentifier>{4FC737F1-C7A5-4376-A066-2A32D752A2FF}</UniqueIdentifier>
      <Extensions>cpp;c;cc;cxx;def;odl;idl;hpj;bat;asm;asmx</Extensions>
    </Filter>
    <Filter Include="Header Files">
      <UniqueIdentifier>{93995380-89BD-4b04-88EB-625FBE52EBFB}</UniqueIdentifier>
      <Extensions>h;hh;hpp;hxx;hm;inl;inc;xsd</Extensions>
    </Filter>
    <Filter Include="Resource Files">
      <UniqueIdentifier>{67DA6AB6-F800-4c08-8B7A-83BB121AAD01}</UniqueIdentifier>
      <Extensions>rc;ico;cur;bmp;dlg;rc2;rct;bin;rgs;gif;jpg;jpeg;jpe;resx;tiff;tif;png;wav;mfcribbon-ms</Extensions>
    </Filter>
  </ItemGroup>
  <ItemGroup>
    <None Include="LocalPODESP32.ino" />
  </ItemGroup>
  <ItemGroup>
    <ClInclude Include="__vm\.LocalPODESP32.vsarduino.h">
      <Filter>Header Files</Filter>
    </ClInclude>
    <ClInclude Include="HandleActuators.h">
      <Filter>Header Files</Filter>
    </ClInclude>
    <ClInclude Include="HandlePackets.h">
      <Filter>Header Files</Filter>
    </ClInclude>
    <ClInclude Include="HandleSensors.h">
      <Filter>Header Files</Filter>
    </ClInclude>
    <ClInclude Include="TinyMPU6050.h">
      <Filter>Header Files</Filter>
    </ClInclude>
    <ClInclude Include="..\Esp32Testing\esp32_speaker_udp\PodWiFiManager.h">
      <Filter>Header Files</Filter>
    </ClInclude>
    <ClInclude Include="HandleLed.h">
      <Filter>Header Files</Filter>
    </ClInclude>
    <ClInclude Include="UDPResponder.h">
      <Filter>Header Files</Filter>
    </ClInclude>
    <ClInclude Include="PodI2SInitialize.h">
      <Filter>Header Files</Filter>
    </ClInclude>
    <ClInclude Include="NVS_access.h">
      <Filter>Header Files</Filter>
    </ClInclude>
    <ClInclude Include="OTA_Updater.h">
      <Filter>Header Files</Filter>
    </ClInclude>
  </ItemGroup>
  <ItemGroup>
    <ClCompile Include="HandleActuators.cpp">
      <Filter>Source Files</Filter>
    </ClCompile>
    <ClCompile Include="HandlePackets.cpp">
      <Filter>Source Files</Filter>
    </ClCompile>
    <ClCompile Include="HandleSensors.cpp">
      <Filter>Source Files</Filter>
    </ClCompile>
    <ClCompile Include="TinyMPU6050.cpp">
      <Filter>Source Files</Filter>
    </ClCompile>
    <ClCompile Include="..\Esp32Testing\esp32_speaker_udp\PodWiFiManager.cpp">
      <Filter>Source Files</Filter>
    </ClCompile>
    <ClCompile Include="HandleLed.cpp">
      <Filter>Source Files</Filter>
    </ClCompile>
    <ClCompile Include="UDPResponder.cpp">
      <Filter>Source Files</Filter>
    </ClCompile>
    <ClCompile Include="PodI2SInitialize.cpp">
      <Filter>Source Files</Filter>
    </ClCompile>
    <ClCompile Include="NVS_access.cpp">
      <Filter>Source Files</Filter>
    </ClCompile>
    <ClCompile Include="OTA_Updater.cpp">
      <Filter>Source Files</Filter>
    </ClCompile>
  </ItemGroup>
  <ItemGroup>
    <Text Include="partsList.txt" />
  </ItemGroup>
</Project>